
Microsoft Visual Studio Solution File, Format Version 12.00
# Visual Studio 15
VisualStudioVersion = 15.0.28307.168
MinimumVisualStudioVersion = 10.0.40219.1
Project("{FAE04EC0-301F-11D3-BF4B-00C04F79EFBC}") = "ConsoleApp", "ConsoleApp\ConsoleApp.csproj", "{C68F0151-D5F1-4376-8E71-DF155FDCB2BD}"
EndProject
Project("{FAE04EC0-301F-11D3-BF4B-00C04F79EFBC}") = "Componente", "Componente\Componente.csproj", "{69EA6762-06D3-4921-8F7C-96B8C9B28E8B}"
EndProject
Project("{FAE04EC0-301F-11D3-BF4B-00C04F79EFBC}") = "ConfigurationResource", "ConfigurationResource\ConfigurationResource.csproj", "{A04FC711-A10A-44AB-8124-10FE72243E3A}"
EndProject
Global
	GlobalSection(SolutionConfigurationPlatforms) = preSolution
		Debug|Any CPU = Debug|Any CPU
		Release|Any CPU = Release|Any CPU
	EndGlobalSection
	GlobalSection(ProjectConfigurationPlatforms) = postSolution
		{C68F0151-D5F1-4376-8E71-DF155FDCB2BD}.Debug|Any CPU.ActiveCfg = Debug|Any CPU
		{C68F0151-D5F1-4376-8E71-DF155FDCB2BD}.Debug|Any CPU.Build.0 = Debug|Any CPU
		{C68F0151-D5F1-4376-8E71-DF155FDCB2BD}.Release|Any CPU.ActiveCfg = Release|Any CPU
		{C68F0151-D5F1-4376-8E71-DF155FDCB2BD}.Release|Any CPU.Build.0 = Release|Any CPU
		{69EA6762-06D3-4921-8F7C-96B8C9B28E8B}.Debug|Any CPU.ActiveCfg = Debug|Any CPU
		{69EA6762-06D3-4921-8F7C-96B8C9B28E8B}.Debug|Any CPU.Build.0 = Debug|Any CPU
		{69EA6762-06D3-4921-8F7C-96B8C9B28E8B}.Release|Any CPU.ActiveCfg = Release|Any CPU
		{69EA6762-06D3-4921-8F7C-96B8C9B28E8B}.Release|Any CPU.Build.0 = Release|Any CPU
		{A04FC711-A10A-44AB-8124-10FE72243E3A}.Debug|Any CPU.ActiveCfg = Debug|Any CPU
		{A04FC711-A10A-44AB-8124-10FE72243E3A}.Debug|Any CPU.Build.0 = Debug|Any CPU
		{A04FC711-A10A-44AB-8124-10FE72243E3A}.Release|Any CPU.ActiveCfg = Release|Any CPU
		{A04FC711-A10A-44AB-8124-10FE72243E3A}.Release|Any CPU.Build.0 = Release|Any CPU
	EndGlobalSection
	GlobalSection(SolutionProperties) = preSolution
		HideSolutionNode = FALSE
	EndGlobalSection
	GlobalSection(ExtensibilityGlobals) = postSolution
		SolutionGuid = {42429FDD-5E60-495B-B558-32C97867BA6E}
	EndGlobalSection
EndGlobal
